
Microsoft Visual Studio Solution File, Format Version 12.00
Project("{FAE04EC0-301F-11D3-BF4B-00C04F79EFBC}") = "Task1", "Task1\Task1.csproj", "{88659354-92EE-43C3-8133-E9D92D7B414A}"
EndProject
Project("{FAE04EC0-301F-11D3-BF4B-00C04F79EFBC}") = "Task2", "Task2\Task2.csproj", "{7B11C5F8-5603-4827-AD06-B36B10C7E178}"
EndProject
Project("{FAE04EC0-301F-11D3-BF4B-00C04F79EFBC}") = "Task3", "Task3\Task3.csproj", "{EB477B20-6866-4208-A23E-DD769E4E5309}"
EndProject
Global
	GlobalSection(SolutionConfigurationPlatforms) = preSolution
		Debug|Any CPU = Debug|Any CPU
		Release|Any CPU = Release|Any CPU
	EndGlobalSection
	GlobalSection(ProjectConfigurationPlatforms) = postSolution
		{88659354-92EE-43C3-8133-E9D92D7B414A}.Debug|Any CPU.ActiveCfg = Debug|Any CPU
		{88659354-92EE-43C3-8133-E9D92D7B414A}.Debug|Any CPU.Build.0 = Debug|Any CPU
		{88659354-92EE-43C3-8133-E9D92D7B414A}.Release|Any CPU.ActiveCfg = Release|Any CPU
		{88659354-92EE-43C3-8133-E9D92D7B414A}.Release|Any CPU.Build.0 = Release|Any CPU
		{7B11C5F8-5603-4827-AD06-B36B10C7E178}.Debug|Any CPU.ActiveCfg = Debug|Any CPU
		{7B11C5F8-5603-4827-AD06-B36B10C7E178}.Debug|Any CPU.Build.0 = Debug|Any CPU
		{7B11C5F8-5603-4827-AD06-B36B10C7E178}.Release|Any CPU.ActiveCfg = Release|Any CPU
		{7B11C5F8-5603-4827-AD06-B36B10C7E178}.Release|Any CPU.Build.0 = Release|Any CPU
		{EB477B20-6866-4208-A23E-DD769E4E5309}.Debug|Any CPU.ActiveCfg = Debug|Any CPU
		{EB477B20-6866-4208-A23E-DD769E4E5309}.Debug|Any CPU.Build.0 = Debug|Any CPU
		{EB477B20-6866-4208-A23E-DD769E4E5309}.Release|Any CPU.ActiveCfg = Release|Any CPU
		{EB477B20-6866-4208-A23E-DD769E4E5309}.Release|Any CPU.Build.0 = Release|Any CPU
	EndGlobalSection
EndGlobal
